// !$*UTF8*$!
{
	archiveVersion = 1;
	classes = {
	};
	objectVersion = 56;
	objects = {

/* Begin PBXBuildFile section */
		C29969E82B7C8E5A0067D397 /* AppDelegate.swift in Sources */ = {isa = PBXBuildFile; fileRef = C29969E72B7C8E5A0067D397 /* AppDelegate.swift */; };
		C29969EA2B7C8E5A0067D397 /* SceneDelegate.swift in Sources */ = {isa = PBXBuildFile; fileRef = C29969E92B7C8E5A0067D397 /* SceneDelegate.swift */; };
		C29969EC2B7C8E5A0067D397 /* ViewController.swift in Sources */ = {isa = PBXBuildFile; fileRef = C29969EB2B7C8E5A0067D397 /* ViewController.swift */; };
		C29969EF2B7C8E5A0067D397 /* Main.storyboard in Resources */ = {isa = PBXBuildFile; fileRef = C29969ED2B7C8E5A0067D397 /* Main.storyboard */; };
		C29969F12B7C8E5C0067D397 /* Assets.xcassets in Resources */ = {isa = PBXBuildFile; fileRef = C29969F02B7C8E5C0067D397 /* Assets.xcassets */; };
		C29969F42B7C8E5C0067D397 /* LaunchScreen.storyboard in Resources */ = {isa = PBXBuildFile; fileRef = C29969F22B7C8E5C0067D397 /* LaunchScreen.storyboard */; };
		C29969FC2B7C8EF10067D397 /* RemindersViewController.swift in Sources */ = {isa = PBXBuildFile; fileRef = C29969FB2B7C8EF10067D397 /* RemindersViewController.swift */; };
		C2996A002B7C8F200067D397 /* BaseViewController.swift in Sources */ = {isa = PBXBuildFile; fileRef = C29969FF2B7C8F200067D397 /* BaseViewController.swift */; };
		C2996A032B7C90360067D397 /* SnapKit in Frameworks */ = {isa = PBXBuildFile; productRef = C2996A022B7C90360067D397 /* SnapKit */; };
		C2996A052B7C90360067D397 /* SnapKit-Dynamic in Frameworks */ = {isa = PBXBuildFile; productRef = C2996A042B7C90360067D397 /* SnapKit-Dynamic */; };
		C2996A072B7C90C00067D397 /* RemindersCollectionViewCell.swift in Sources */ = {isa = PBXBuildFile; fileRef = C2996A062B7C90C00067D397 /* RemindersCollectionViewCell.swift */; };
		C2996A092B7C91810067D397 /* BaseCollectionViewCell.swift in Sources */ = {isa = PBXBuildFile; fileRef = C2996A082B7C91810067D397 /* BaseCollectionViewCell.swift */; };
		C2996A0C2B7C94F80067D397 /* Protocol.swift in Sources */ = {isa = PBXBuildFile; fileRef = C2996A0B2B7C94F80067D397 /* Protocol.swift */; };
		C2E7FE382B7CAC0100004FC7 /* ToDoViewController.swift in Sources */ = {isa = PBXBuildFile; fileRef = C2E7FE372B7CAC0100004FC7 /* ToDoViewController.swift */; };
/* End PBXBuildFile section */

/* Begin PBXFileReference section */
		C29969E42B7C8E5A0067D397 /* SeSAC_HW_Reminders.app */ = {isa = PBXFileReference; explicitFileType = wrapper.application; includeInIndex = 0; path = SeSAC_HW_Reminders.app; sourceTree = BUILT_PRODUCTS_DIR; };
		C29969E72B7C8E5A0067D397 /* AppDelegate.swift */ = {isa = PBXFileReference; lastKnownFileType = sourcecode.swift; path = AppDelegate.swift; sourceTree = "<group>"; };
		C29969E92B7C8E5A0067D397 /* SceneDelegate.swift */ = {isa = PBXFileReference; lastKnownFileType = sourcecode.swift; path = SceneDelegate.swift; sourceTree = "<group>"; };
		C29969EB2B7C8E5A0067D397 /* ViewController.swift */ = {isa = PBXFileReference; lastKnownFileType = sourcecode.swift; path = ViewController.swift; sourceTree = "<group>"; };
		C29969EE2B7C8E5A0067D397 /* Base */ = {isa = PBXFileReference; lastKnownFileType = file.storyboard; name = Base; path = Base.lproj/Main.storyboard; sourceTree = "<group>"; };
		C29969F02B7C8E5C0067D397 /* Assets.xcassets */ = {isa = PBXFileReference; lastKnownFileType = folder.assetcatalog; path = Assets.xcassets; sourceTree = "<group>"; };
		C29969F32B7C8E5C0067D397 /* Base */ = {isa = PBXFileReference; lastKnownFileType = file.storyboard; name = Base; path = Base.lproj/LaunchScreen.storyboard; sourceTree = "<group>"; };
		C29969F52B7C8E5C0067D397 /* Info.plist */ = {isa = PBXFileReference; lastKnownFileType = text.plist.xml; path = Info.plist; sourceTree = "<group>"; };
		C29969FB2B7C8EF10067D397 /* RemindersViewController.swift */ = {isa = PBXFileReference; lastKnownFileType = sourcecode.swift; path = RemindersViewController.swift; sourceTree = "<group>"; };
		C29969FF2B7C8F200067D397 /* BaseViewController.swift */ = {isa = PBXFileReference; lastKnownFileType = sourcecode.swift; path = BaseViewController.swift; sourceTree = "<group>"; };
		C2996A062B7C90C00067D397 /* RemindersCollectionViewCell.swift */ = {isa = PBXFileReference; lastKnownFileType = sourcecode.swift; path = RemindersCollectionViewCell.swift; sourceTree = "<group>"; };
		C2996A082B7C91810067D397 /* BaseCollectionViewCell.swift */ = {isa = PBXFileReference; lastKnownFileType = sourcecode.swift; path = BaseCollectionViewCell.swift; sourceTree = "<group>"; };
		C2996A0B2B7C94F80067D397 /* Protocol.swift */ = {isa = PBXFileReference; lastKnownFileType = sourcecode.swift; path = Protocol.swift; sourceTree = "<group>"; };
		C2E7FE372B7CAC0100004FC7 /* ToDoViewController.swift */ = {isa = PBXFileReference; lastKnownFileType = sourcecode.swift; path = ToDoViewController.swift; sourceTree = "<group>"; };
/* End PBXFileReference section */

/* Begin PBXFrameworksBuildPhase section */
		C29969E12B7C8E5A0067D397 /* Frameworks */ = {
			isa = PBXFrameworksBuildPhase;
			buildActionMask = 2147483647;
			files = (
				C2996A032B7C90360067D397 /* SnapKit in Frameworks */,
				C2996A052B7C90360067D397 /* SnapKit-Dynamic in Frameworks */,
			);
			runOnlyForDeploymentPostprocessing = 0;
		};
/* End PBXFrameworksBuildPhase section */

/* Begin PBXGroup section */
		C29969DB2B7C8E5A0067D397 = {
			isa = PBXGroup;
			children = (
				C29969E62B7C8E5A0067D397 /* SeSAC_HW_Reminders */,
				C29969E52B7C8E5A0067D397 /* Products */,
			);
			sourceTree = "<group>";
		};
		C29969E52B7C8E5A0067D397 /* Products */ = {
			isa = PBXGroup;
			children = (
				C29969E42B7C8E5A0067D397 /* SeSAC_HW_Reminders.app */,
			);
			name = Products;
			sourceTree = "<group>";
		};
		C29969E62B7C8E5A0067D397 /* SeSAC_HW_Reminders */ = {
			isa = PBXGroup;
			children = (
				C2996A0A2B7C94F10067D397 /* Protocol */,
				C29969FE2B7C8F1A0067D397 /* Base */,
				C29969FD2B7C8F120067D397 /* View */,
				C29969E72B7C8E5A0067D397 /* AppDelegate.swift */,
				C29969E92B7C8E5A0067D397 /* SceneDelegate.swift */,
				C29969EB2B7C8E5A0067D397 /* ViewController.swift */,
				C29969ED2B7C8E5A0067D397 /* Main.storyboard */,
				C29969F02B7C8E5C0067D397 /* Assets.xcassets */,
				C29969F22B7C8E5C0067D397 /* LaunchScreen.storyboard */,
				C29969F52B7C8E5C0067D397 /* Info.plist */,
			);
			path = SeSAC_HW_Reminders;
			sourceTree = "<group>";
		};
		C29969FD2B7C8F120067D397 /* View */ = {
			isa = PBXGroup;
			children = (
				C29969FB2B7C8EF10067D397 /* RemindersViewController.swift */,
				C2996A062B7C90C00067D397 /* RemindersCollectionViewCell.swift */,
				C2E7FE372B7CAC0100004FC7 /* ToDoViewController.swift */,
			);
			path = View;
			sourceTree = "<group>";
		};
		C29969FE2B7C8F1A0067D397 /* Base */ = {
			isa = PBXGroup;
			children = (
				C29969FF2B7C8F200067D397 /* BaseViewController.swift */,
				C2996A082B7C91810067D397 /* BaseCollectionViewCell.swift */,
			);
			path = Base;
			sourceTree = "<group>";
		};
		C2996A0A2B7C94F10067D397 /* Protocol */ = {
			isa = PBXGroup;
			children = (
				C2996A0B2B7C94F80067D397 /* Protocol.swift */,
			);
			path = Protocol;
			sourceTree = "<group>";
		};
/* End PBXGroup section */

/* Begin PBXNativeTarget section */
		C29969E32B7C8E5A0067D397 /* SeSAC_HW_Reminders */ = {
			isa = PBXNativeTarget;
			buildConfigurationList = C29969F82B7C8E5C0067D397 /* Build configuration list for PBXNativeTarget "SeSAC_HW_Reminders" */;
			buildPhases = (
				C29969E02B7C8E5A0067D397 /* Sources */,
				C29969E12B7C8E5A0067D397 /* Frameworks */,
				C29969E22B7C8E5A0067D397 /* Resources */,
			);
			buildRules = (
			);
			dependencies = (
			);
			name = SeSAC_HW_Reminders;
			packageProductDependencies = (
				C2996A022B7C90360067D397 /* SnapKit */,
				C2996A042B7C90360067D397 /* SnapKit-Dynamic */,
			);
			productName = SeSAC_HW_Reminders;
			productReference = C29969E42B7C8E5A0067D397 /* SeSAC_HW_Reminders.app */;
			productType = "com.apple.product-type.application";
		};
/* End PBXNativeTarget section */

/* Begin PBXProject section */
		C29969DC2B7C8E5A0067D397 /* Project object */ = {
			isa = PBXProject;
			attributes = {
				BuildIndependentTargetsInParallel = 1;
				LastSwiftUpdateCheck = 1510;
				LastUpgradeCheck = 1510;
				TargetAttributes = {
					C29969E32B7C8E5A0067D397 = {
						CreatedOnToolsVersion = 15.1;
					};
				};
			};
			buildConfigurationList = C29969DF2B7C8E5A0067D397 /* Build configuration list for PBXProject "SeSAC_HW_Reminders" */;
			compatibilityVersion = "Xcode 14.0";
			developmentRegion = en;
			hasScannedForEncodings = 0;
			knownRegions = (
				en,
				Base,
			);
			mainGroup = C29969DB2B7C8E5A0067D397;
			packageReferences = (
				C2996A012B7C90360067D397 /* XCRemoteSwiftPackageReference "SnapKit" */,
			);
			productRefGroup = C29969E52B7C8E5A0067D397 /* Products */;
			projectDirPath = "";
			projectRoot = "";
			targets = (
				C29969E32B7C8E5A0067D397 /* SeSAC_HW_Reminders */,
			);
		};
/* End PBXProject section */

/* Begin PBXResourcesBuildPhase section */
		C29969E22B7C8E5A0067D397 /* Resources */ = {
			isa = PBXResourcesBuildPhase;
			buildActionMask = 2147483647;
			files = (
				C29969F42B7C8E5C0067D397 /* LaunchScreen.storyboard in Resources */,
				C29969F12B7C8E5C0067D397 /* Assets.xcassets in Resources */,
				C29969EF2B7C8E5A0067D397 /* Main.storyboard in Resources */,
			);
			runOnlyForDeploymentPostprocessing = 0;
		};
/* End PBXResourcesBuildPhase section */

/* Begin PBXSourcesBuildPhase section */
		C29969E02B7C8E5A0067D397 /* Sources */ = {
			isa = PBXSourcesBuildPhase;
			buildActionMask = 2147483647;
			files = (
				C2996A002B7C8F200067D397 /* BaseViewController.swift in Sources */,
				C2996A092B7C91810067D397 /* BaseCollectionViewCell.swift in Sources */,
				C29969FC2B7C8EF10067D397 /* RemindersViewController.swift in Sources */,
				C2996A0C2B7C94F80067D397 /* Protocol.swift in Sources */,
				C2E7FE382B7CAC0100004FC7 /* ToDoViewController.swift in Sources */,
				C2996A072B7C90C00067D397 /* RemindersCollectionViewCell.swift in Sources */,
				C29969EC2B7C8E5A0067D397 /* ViewController.swift in Sources */,
				C29969E82B7C8E5A0067D397 /* AppDelegate.swift in Sources */,
				C29969EA2B7C8E5A0067D397 /* SceneDelegate.swift in Sources */,
			);
			runOnlyForDeploymentPostprocessing = 0;
		};
/* End PBXSourcesBuildPhase section */

/* Begin PBXVariantGroup section */
		C29969ED2B7C8E5A0067D397 /* Main.storyboard */ = {
			isa = PBXVariantGroup;
			children = (
				C29969EE2B7C8E5A0067D397 /* Base */,
			);
			name = Main.storyboard;
			sourceTree = "<group>";
		};
		C29969F22B7C8E5C0067D397 /* LaunchScreen.storyboard */ = {
			isa = PBXVariantGroup;
			children = (
				C29969F32B7C8E5C0067D397 /* Base */,
			);
			name = LaunchScreen.storyboard;
			sourceTree = "<group>";
		};
/* End PBXVariantGroup section */

/* Begin XCBuildConfiguration section */
		C29969F62B7C8E5C0067D397 /* Debug */ = {
			isa = XCBuildConfiguration;
			buildSettings = {
				ALWAYS_SEARCH_USER_PATHS = NO;
				ASSETCATALOG_COMPILER_GENERATE_SWIFT_ASSET_SYMBOL_EXTENSIONS = YES;
				CLANG_ANALYZER_NONNULL = YES;
				CLANG_ANALYZER_NUMBER_OBJECT_CONVERSION = YES_AGGRESSIVE;
				CLANG_CXX_LANGUAGE_STANDARD = "gnu++20";
				CLANG_ENABLE_MODULES = YES;
				CLANG_ENABLE_OBJC_ARC = YES;
				CLANG_ENABLE_OBJC_WEAK = YES;
				CLANG_WARN_BLOCK_CAPTURE_AUTORELEASING = YES;
				CLANG_WARN_BOOL_CONVERSION = YES;
				CLANG_WARN_COMMA = YES;
				CLANG_WARN_CONSTANT_CONVERSION = YES;
				CLANG_WARN_DEPRECATED_OBJC_IMPLEMENTATIONS = YES;
				CLANG_WARN_DIRECT_OBJC_ISA_USAGE = YES_ERROR;
				CLANG_WARN_DOCUMENTATION_COMMENTS = YES;
				CLANG_WARN_EMPTY_BODY = YES;
				CLANG_WARN_ENUM_CONVERSION = YES;
				CLANG_WARN_INFINITE_RECURSION = YES;
				CLANG_WARN_INT_CONVERSION = YES;
				CLANG_WARN_NON_LITERAL_NULL_CONVERSION = YES;
				CLANG_WARN_OBJC_IMPLICIT_RETAIN_SELF = YES;
				CLANG_WARN_OBJC_LITERAL_CONVERSION = YES;
				CLANG_WARN_OBJC_ROOT_CLASS = YES_ERROR;
				CLANG_WARN_QUOTED_INCLUDE_IN_FRAMEWORK_HEADER = YES;
				CLANG_WARN_RANGE_LOOP_ANALYSIS = YES;
				CLANG_WARN_STRICT_PROTOTYPES = YES;
				CLANG_WARN_SUSPICIOUS_MOVE = YES;
				CLANG_WARN_UNGUARDED_AVAILABILITY = YES_AGGRESSIVE;
				CLANG_WARN_UNREACHABLE_CODE = YES;
				CLANG_WARN__DUPLICATE_METHOD_MATCH = YES;
				COPY_PHASE_STRIP = NO;
				DEBUG_INFORMATION_FORMAT = dwarf;
				ENABLE_STRICT_OBJC_MSGSEND = YES;
				ENABLE_TESTABILITY = YES;
				ENABLE_USER_SCRIPT_SANDBOXING = YES;
				GCC_C_LANGUAGE_STANDARD = gnu17;
				GCC_DYNAMIC_NO_PIC = NO;
				GCC_NO_COMMON_BLOCKS = YES;
				GCC_OPTIMIZATION_LEVEL = 0;
				GCC_PREPROCESSOR_DEFINITIONS = (
					"DEBUG=1",
					"$(inherited)",
				);
				GCC_WARN_64_TO_32_BIT_CONVERSION = YES;
				GCC_WARN_ABOUT_RETURN_TYPE = YES_ERROR;
				GCC_WARN_UNDECLARED_SELECTOR = YES;
				GCC_WARN_UNINITIALIZED_AUTOS = YES_AGGRESSIVE;
				GCC_WARN_UNUSED_FUNCTION = YES;
				GCC_WARN_UNUSED_VARIABLE = YES;
				IPHONEOS_DEPLOYMENT_TARGET = 17.2;
				LOCALIZATION_PREFERS_STRING_CATALOGS = YES;
				MTL_ENABLE_DEBUG_INFO = INCLUDE_SOURCE;
				MTL_FAST_MATH = YES;
				ONLY_ACTIVE_ARCH = YES;
				SDKROOT = iphoneos;
				SWIFT_ACTIVE_COMPILATION_CONDITIONS = "DEBUG $(inherited)";
				SWIFT_OPTIMIZATION_LEVEL = "-Onone";
			};
			name = Debug;
		};
		C29969F72B7C8E5C0067D397 /* Release */ = {
			isa = XCBuildConfiguration;
			buildSettings = {
				ALWAYS_SEARCH_USER_PATHS = NO;
				ASSETCATALOG_COMPILER_GENERATE_SWIFT_ASSET_SYMBOL_EXTENSIONS = YES;
				CLANG_ANALYZER_NONNULL = YES;
				CLANG_ANALYZER_NUMBER_OBJECT_CONVERSION = YES_AGGRESSIVE;
				CLANG_CXX_LANGUAGE_STANDARD = "gnu++20";
				CLANG_ENABLE_MODULES = YES;
				CLANG_ENABLE_OBJC_ARC = YES;
				CLANG_ENABLE_OBJC_WEAK = YES;
				CLANG_WARN_BLOCK_CAPTURE_AUTORELEASING = YES;
				CLANG_WARN_BOOL_CONVERSION = YES;
				CLANG_WARN_COMMA = YES;
				CLANG_WARN_CONSTANT_CONVERSION = YES;
				CLANG_WARN_DEPRECATED_OBJC_IMPLEMENTATIONS = YES;
				CLANG_WARN_DIRECT_OBJC_ISA_USAGE = YES_ERROR;
				CLANG_WARN_DOCUMENTATION_COMMENTS = YES;
				CLANG_WARN_EMPTY_BODY = YES;
				CLANG_WARN_ENUM_CONVERSION = YES;
				CLANG_WARN_INFINITE_RECURSION = YES;
				CLANG_WARN_INT_CONVERSION = YES;
				CLANG_WARN_NON_LITERAL_NULL_CONVERSION = YES;
				CLANG_WARN_OBJC_IMPLICIT_RETAIN_SELF = YES;
				CLANG_WARN_OBJC_LITERAL_CONVERSION = YES;
				CLANG_WARN_OBJC_ROOT_CLASS = YES_ERROR;
				CLANG_WARN_QUOTED_INCLUDE_IN_FRAMEWORK_HEADER = YES;
				CLANG_WARN_RANGE_LOOP_ANALYSIS = YES;
				CLANG_WARN_STRICT_PROTOTYPES = YES;
				CLANG_WARN_SUSPICIOUS_MOVE = YES;
				CLANG_WARN_UNGUARDED_AVAILABILITY = YES_AGGRESSIVE;
				CLANG_WARN_UNREACHABLE_CODE = YES;
				CLANG_WARN__DUPLICATE_METHOD_MATCH = YES;
				COPY_PHASE_STRIP = NO;
				DEBUG_INFORMATION_FORMAT = "dwarf-with-dsym";
				ENABLE_NS_ASSERTIONS = NO;
				ENABLE_STRICT_OBJC_MSGSEND = YES;
				ENABLE_USER_SCRIPT_SANDBOXING = YES;
				GCC_C_LANGUAGE_STANDARD = gnu17;
				GCC_NO_COMMON_BLOCKS = YES;
				GCC_WARN_64_TO_32_BIT_CONVERSION = YES;
				GCC_WARN_ABOUT_RETURN_TYPE = YES_ERROR;
				GCC_WARN_UNDECLARED_SELECTOR = YES;
				GCC_WARN_UNINITIALIZED_AUTOS = YES_AGGRESSIVE;
				GCC_WARN_UNUSED_FUNCTION = YES;
				GCC_WARN_UNUSED_VARIABLE = YES;
				IPHONEOS_DEPLOYMENT_TARGET = 17.2;
				LOCALIZATION_PREFERS_STRING_CATALOGS = YES;
				MTL_ENABLE_DEBUG_INFO = NO;
				MTL_FAST_MATH = YES;
				SDKROOT = iphoneos;
				SWIFT_COMPILATION_MODE = wholemodule;
				VALIDATE_PRODUCT = YES;
			};
			name = Release;
		};
		C29969F92B7C8E5C0067D397 /* Debug */ = {
			isa = XCBuildConfiguration;
			buildSettings = {
				ASSETCATALOG_COMPILER_APPICON_NAME = AppIcon;
				ASSETCATALOG_COMPILER_GLOBAL_ACCENT_COLOR_NAME = AccentColor;
				CODE_SIGN_STYLE = Automatic;
				CURRENT_PROJECT_VERSION = 1;
				DEVELOPMENT_TEAM = 8HG96SSK4A;
				GENERATE_INFOPLIST_FILE = YES;
				INFOPLIST_FILE = SeSAC_HW_Reminders/Info.plist;
				INFOPLIST_KEY_UIApplicationSupportsIndirectInputEvents = YES;
				INFOPLIST_KEY_UILaunchStoryboardName = LaunchScreen;
				INFOPLIST_KEY_UIMainStoryboardFile = Main;
				INFOPLIST_KEY_UISupportedInterfaceOrientations_iPad = "UIInterfaceOrientationPortrait UIInterfaceOrientationPortraitUpsideDown UIInterfaceOrientationLandscapeLeft UIInterfaceOrientationLandscapeRight";
				INFOPLIST_KEY_UISupportedInterfaceOrientations_iPhone = "UIInterfaceOrientationPortrait UIInterfaceOrientationLandscapeLeft UIInterfaceOrientationLandscapeRight";
				LD_RUNPATH_SEARCH_PATHS = (
					"$(inherited)",
					"@executable_path/Frameworks",
				);
				MARKETING_VERSION = 1.0;
				PRODUCT_BUNDLE_IDENTIFIER = "com.cyndi.SeSAC-HW-Reminders";
				PRODUCT_NAME = "$(TARGET_NAME)";
				SWIFT_EMIT_LOC_STRINGS = YES;
				SWIFT_VERSION = 5.0;
				TARGETED_DEVICE_FAMILY = "1,2";
			};
			name = Debug;
		};
		C29969FA2B7C8E5C0067D397 /* Release */ = {
			isa = XCBuildConfiguration;
			buildSettings = {
				ASSETCATALOG_COMPILER_APPICON_NAME = AppIcon;
				ASSETCATALOG_COMPILER_GLOBAL_ACCENT_COLOR_NAME = AccentColor;
				CODE_SIGN_STYLE = Automatic;
				CURRENT_PROJECT_VERSION = 1;
				DEVELOPMENT_TEAM = 8HG96SSK4A;
				GENERATE_INFOPLIST_FILE = YES;
				INFOPLIST_FILE = SeSAC_HW_Reminders/Info.plist;
				INFOPLIST_KEY_UIApplicationSupportsIndirectInputEvents = YES;
				INFOPLIST_KEY_UILaunchStoryboardName = LaunchScreen;
				INFOPLIST_KEY_UIMainStoryboardFile = Main;
				INFOPLIST_KEY_UISupportedInterfaceOrientations_iPad = "UIInterfaceOrientationPortrait UIInterfaceOrientationPortraitUpsideDown UIInterfaceOrientationLandscapeLeft UIInterfaceOrientationLandscapeRight";
				INFOPLIST_KEY_UISupportedInterfaceOrientations_iPhone = "UIInterfaceOrientationPortrait UIInterfaceOrientationLandscapeLeft UIInterfaceOrientationLandscapeRight";
				LD_RUNPATH_SEARCH_PATHS = (
					"$(inherited)",
					"@executable_path/Frameworks",
				);
				MARKETING_VERSION = 1.0;
				PRODUCT_BUNDLE_IDENTIFIER = "com.cyndi.SeSAC-HW-Reminders";
				PRODUCT_NAME = "$(TARGET_NAME)";
				SWIFT_EMIT_LOC_STRINGS = YES;
				SWIFT_VERSION = 5.0;
				TARGETED_DEVICE_FAMILY = "1,2";
			};
			name = Release;
		};
/* End XCBuildConfiguration section */

/* Begin XCConfigurationList section */
		C29969DF2B7C8E5A0067D397 /* Build configuration list for PBXProject "SeSAC_HW_Reminders" */ = {
			isa = XCConfigurationList;
			buildConfigurations = (
				C29969F62B7C8E5C0067D397 /* Debug */,
				C29969F72B7C8E5C0067D397 /* Release */,
			);
			defaultConfigurationIsVisible = 0;
			defaultConfigurationName = Release;
		};
		C29969F82B7C8E5C0067D397 /* Build configuration list for PBXNativeTarget "SeSAC_HW_Reminders" */ = {
			isa = XCConfigurationList;
			buildConfigurations = (
				C29969F92B7C8E5C0067D397 /* Debug */,
				C29969FA2B7C8E5C0067D397 /* Release */,
			);
			defaultConfigurationIsVisible = 0;
			defaultConfigurationName = Release;
		};
/* End XCConfigurationList section */

/* Begin XCRemoteSwiftPackageReference section */
		C2996A012B7C90360067D397 /* XCRemoteSwiftPackageReference "SnapKit" */ = {
			isa = XCRemoteSwiftPackageReference;
			repositoryURL = "https://github.com/SnapKit/SnapKit.git";
			requirement = {
				kind = upToNextMajorVersion;
				minimumVersion = 5.7.0;
			};
		};
/* End XCRemoteSwiftPackageReference section */

/* Begin XCSwiftPackageProductDependency section */
		C2996A022B7C90360067D397 /* SnapKit */ = {
			isa = XCSwiftPackageProductDependency;
			package = C2996A012B7C90360067D397 /* XCRemoteSwiftPackageReference "SnapKit" */;
			productName = SnapKit;
		};
		C2996A042B7C90360067D397 /* SnapKit-Dynamic */ = {
			isa = XCSwiftPackageProductDependency;
			package = C2996A012B7C90360067D397 /* XCRemoteSwiftPackageReference "SnapKit" */;
			productName = "SnapKit-Dynamic";
		};
/* End XCSwiftPackageProductDependency section */
	};
	rootObject = C29969DC2B7C8E5A0067D397 /* Project object */;
}
